// !$*UTF8*$!
{
	archiveVersion = 1;
	classes = {
	};
	objectVersion = 46;
	objects = {

/* Begin PBXBuildFile section */
		2657BB02154AD9A6004535BE /* RefreshBar.m in Sources */ = {isa = PBXBuildFile; fileRef = 2657BB00154AD9A6004535BE /* RefreshBar.m */; };
		2657BB03154AD9A6004535BE /* RefreshBar.xib in Resources */ = {isa = PBXBuildFile; fileRef = 2657BB01154AD9A6004535BE /* RefreshBar.xib */; };
		2657BB0B154AD9FE004535BE /* TableViewController.m in Sources */ = {isa = PBXBuildFile; fileRef = 2657BB06154AD9FE004535BE /* TableViewController.m */; };
		2657BB0C154AD9FE004535BE /* TableViewController.xib in Resources */ = {isa = PBXBuildFile; fileRef = 2657BB07154AD9FE004535BE /* TableViewController.xib */; };
		2670A56F154BFAAE003D65EE /* grayArrow.png in Resources */ = {isa = PBXBuildFile; fileRef = 2670A56D154BFAAE003D65EE /* grayArrow.png */; };
		2670A570154BFAAE003D65EE /* whiteArrow.png in Resources */ = {isa = PBXBuildFile; fileRef = 2670A56E154BFAAE003D65EE /* whiteArrow.png */; };
		26EB90FB1537F95B0037EB76 /* UIKit.framework in Frameworks */ = {isa = PBXBuildFile; fileRef = 26EB90FA1537F95B0037EB76 /* UIKit.framework */; };
		26EB90FD1537F95C0037EB76 /* Foundation.framework in Frameworks */ = {isa = PBXBuildFile; fileRef = 26EB90FC1537F95B0037EB76 /* Foundation.framework */; };
		26EB90FF1537F95C0037EB76 /* CoreGraphics.framework in Frameworks */ = {isa = PBXBuildFile; fileRef = 26EB90FE1537F95C0037EB76 /* CoreGraphics.framework */; };
		26EB91051537F95C0037EB76 /* InfoPlist.strings in Resources */ = {isa = PBXBuildFile; fileRef = 26EB91031537F95C0037EB76 /* InfoPlist.strings */; };
		26EB91071537F95C0037EB76 /* main.m in Sources */ = {isa = PBXBuildFile; fileRef = 26EB91061537F95C0037EB76 /* main.m */; };
		26EB910B1537F95C0037EB76 /* AppDelegate.m in Sources */ = {isa = PBXBuildFile; fileRef = 26EB910A1537F95C0037EB76 /* AppDelegate.m */; };
		26EB912215382D6A0037EB76 /* QuartzCore.framework in Frameworks */ = {isa = PBXBuildFile; fileRef = 26EB912115382D6A0037EB76 /* QuartzCore.framework */; };
/* End PBXBuildFile section */

/* Begin PBXFileReference section */
		2657BAFF154AD9A6004535BE /* RefreshBar.h */ = {isa = PBXFileReference; fileEncoding = 4; lastKnownFileType = sourcecode.c.h; path = RefreshBar.h; sourceTree = "<group>"; };
		2657BB00154AD9A6004535BE /* RefreshBar.m */ = {isa = PBXFileReference; fileEncoding = 4; lastKnownFileType = sourcecode.c.objc; path = RefreshBar.m; sourceTree = "<group>"; };
		2657BB01154AD9A6004535BE /* RefreshBar.xib */ = {isa = PBXFileReference; fileEncoding = 4; lastKnownFileType = file.xib; path = RefreshBar.xib; sourceTree = "<group>"; };
		2657BB05154AD9FE004535BE /* TableViewController.h */ = {isa = PBXFileReference; fileEncoding = 4; lastKnownFileType = sourcecode.c.h; path = TableViewController.h; sourceTree = "<group>"; };
		2657BB06154AD9FE004535BE /* TableViewController.m */ = {isa = PBXFileReference; fileEncoding = 4; lastKnownFileType = sourcecode.c.objc; path = TableViewController.m; sourceTree = "<group>"; };
		2657BB07154AD9FE004535BE /* TableViewController.xib */ = {isa = PBXFileReference; fileEncoding = 4; lastKnownFileType = file.xib; path = TableViewController.xib; sourceTree = "<group>"; };
		2670A56D154BFAAE003D65EE /* grayArrow.png */ = {isa = PBXFileReference; lastKnownFileType = image.png; path = grayArrow.png; sourceTree = "<group>"; };
		2670A56E154BFAAE003D65EE /* whiteArrow.png */ = {isa = PBXFileReference; lastKnownFileType = image.png; path = whiteArrow.png; sourceTree = "<group>"; };
		26EB90F61537F95B0037EB76 /* ProgressiveRefreshTableApp.app */ = {isa = PBXFileReference; explicitFileType = wrapper.application; includeInIndex = 0; path = ProgressiveRefreshTableApp.app; sourceTree = BUILT_PRODUCTS_DIR; };
		26EB90FA1537F95B0037EB76 /* UIKit.framework */ = {isa = PBXFileReference; lastKnownFileType = wrapper.framework; name = UIKit.framework; path = System/Library/Frameworks/UIKit.framework; sourceTree = SDKROOT; };
		26EB90FC1537F95B0037EB76 /* Foundation.framework */ = {isa = PBXFileReference; lastKnownFileType = wrapper.framework; name = Foundation.framework; path = System/Library/Frameworks/Foundation.framework; sourceTree = SDKROOT; };
		26EB90FE1537F95C0037EB76 /* CoreGraphics.framework */ = {isa = PBXFileReference; lastKnownFileType = wrapper.framework; name = CoreGraphics.framework; path = System/Library/Frameworks/CoreGraphics.framework; sourceTree = SDKROOT; };
		26EB91021537F95C0037EB76 /* ProgressiveRefreshTableApp-Info.plist */ = {isa = PBXFileReference; lastKnownFileType = text.plist.xml; path = "ProgressiveRefreshTableApp-Info.plist"; sourceTree = "<group>"; };
		26EB91041537F95C0037EB76 /* en */ = {isa = PBXFileReference; lastKnownFileType = text.plist.strings; name = en; path = en.lproj/InfoPlist.strings; sourceTree = "<group>"; };
		26EB91061537F95C0037EB76 /* main.m */ = {isa = PBXFileReference; lastKnownFileType = sourcecode.c.objc; path = main.m; sourceTree = "<group>"; };
		26EB91081537F95C0037EB76 /* ProgressiveRefreshTableApp-Prefix.pch */ = {isa = PBXFileReference; lastKnownFileType = sourcecode.c.h; path = "ProgressiveRefreshTableApp-Prefix.pch"; sourceTree = "<group>"; };
		26EB91091537F95C0037EB76 /* AppDelegate.h */ = {isa = PBXFileReference; lastKnownFileType = sourcecode.c.h; path = AppDelegate.h; sourceTree = "<group>"; };
		26EB910A1537F95C0037EB76 /* AppDelegate.m */ = {isa = PBXFileReference; lastKnownFileType = sourcecode.c.objc; path = AppDelegate.m; sourceTree = "<group>"; };
		26EB912115382D6A0037EB76 /* QuartzCore.framework */ = {isa = PBXFileReference; lastKnownFileType = wrapper.framework; name = QuartzCore.framework; path = System/Library/Frameworks/QuartzCore.framework; sourceTree = SDKROOT; };
/* End PBXFileReference section */

/* Begin PBXFrameworksBuildPhase section */
		26EB90F31537F95B0037EB76 /* Frameworks */ = {
			isa = PBXFrameworksBuildPhase;
			buildActionMask = 2147483647;
			files = (
				26EB912215382D6A0037EB76 /* QuartzCore.framework in Frameworks */,
				26EB90FB1537F95B0037EB76 /* UIKit.framework in Frameworks */,
				26EB90FD1537F95C0037EB76 /* Foundation.framework in Frameworks */,
				26EB90FF1537F95C0037EB76 /* CoreGraphics.framework in Frameworks */,
			);
			runOnlyForDeploymentPostprocessing = 0;
		};
/* End PBXFrameworksBuildPhase section */

/* Begin PBXGroup section */
		2657BAFE154AD9A5004535BE /* RefreshBar */ = {
			isa = PBXGroup;
			children = (
				2657BAFF154AD9A6004535BE /* RefreshBar.h */,
				2657BB00154AD9A6004535BE /* RefreshBar.m */,
				2657BB01154AD9A6004535BE /* RefreshBar.xib */,
				2670A56C154BFAAE003D65EE /* resources */,
			);
			path = RefreshBar;
			sourceTree = "<group>";
		};
		2657BB04154AD9FE004535BE /* Controller */ = {
			isa = PBXGroup;
			children = (
				2657BB05154AD9FE004535BE /* TableViewController.h */,
				2657BB06154AD9FE004535BE /* TableViewController.m */,
				2657BB07154AD9FE004535BE /* TableViewController.xib */,
			);
			path = Controller;
			sourceTree = "<group>";
		};
		2670A56C154BFAAE003D65EE /* resources */ = {
			isa = PBXGroup;
			children = (
				2670A56D154BFAAE003D65EE /* grayArrow.png */,
				2670A56E154BFAAE003D65EE /* whiteArrow.png */,
			);
			path = resources;
			sourceTree = "<group>";
		};
		26EB90EB1537F95B0037EB76 = {
			isa = PBXGroup;
			children = (
				26EB91001537F95C0037EB76 /* ProgressiveRefreshTableApp */,
				26EB90F91537F95B0037EB76 /* Frameworks */,
				26EB90F71537F95B0037EB76 /* Products */,
			);
			sourceTree = "<group>";
		};
		26EB90F71537F95B0037EB76 /* Products */ = {
			isa = PBXGroup;
			children = (
				26EB90F61537F95B0037EB76 /* ProgressiveRefreshTableApp.app */,
			);
			name = Products;
			sourceTree = "<group>";
		};
		26EB90F91537F95B0037EB76 /* Frameworks */ = {
			isa = PBXGroup;
			children = (
				26EB912115382D6A0037EB76 /* QuartzCore.framework */,
				26EB90FA1537F95B0037EB76 /* UIKit.framework */,
				26EB90FC1537F95B0037EB76 /* Foundation.framework */,
				26EB90FE1537F95C0037EB76 /* CoreGraphics.framework */,
			);
			name = Frameworks;
			sourceTree = "<group>";
		};
		26EB91001537F95C0037EB76 /* ProgressiveRefreshTableApp */ = {
			isa = PBXGroup;
			children = (
				2657BB04154AD9FE004535BE /* Controller */,
				2657BAFE154AD9A5004535BE /* RefreshBar */,
				26EB91091537F95C0037EB76 /* AppDelegate.h */,
				26EB910A1537F95C0037EB76 /* AppDelegate.m */,
				26EB91011537F95C0037EB76 /* Supporting Files */,
			);
			path = ProgressiveRefreshTableApp;
			sourceTree = "<group>";
		};
		26EB91011537F95C0037EB76 /* Supporting Files */ = {
			isa = PBXGroup;
			children = (
				26EB91021537F95C0037EB76 /* ProgressiveRefreshTableApp-Info.plist */,
				26EB91031537F95C0037EB76 /* InfoPlist.strings */,
				26EB91061537F95C0037EB76 /* main.m */,
				26EB91081537F95C0037EB76 /* ProgressiveRefreshTableApp-Prefix.pch */,
			);
			name = "Supporting Files";
			sourceTree = "<group>";
		};
/* End PBXGroup section */

/* Begin PBXNativeTarget section */
		26EB90F51537F95B0037EB76 /* ProgressiveRefreshTableApp */ = {
			isa = PBXNativeTarget;
			buildConfigurationList = 26EB910E1537F95C0037EB76 /* Build configuration list for PBXNativeTarget "ProgressiveRefreshTableApp" */;
			buildPhases = (
				26EB90F21537F95B0037EB76 /* Sources */,
				26EB90F31537F95B0037EB76 /* Frameworks */,
				26EB90F41537F95B0037EB76 /* Resources */,
			);
			buildRules = (
			);
			dependencies = (
			);
			name = ProgressiveRefreshTableApp;
			productName = ProgressiveRefreshTableApp;
			productReference = 26EB90F61537F95B0037EB76 /* ProgressiveRefreshTableApp.app */;
			productType = "com.apple.product-type.application";
		};
/* End PBXNativeTarget section */

/* Begin PBXProject section */
		26EB90ED1537F95B0037EB76 /* Project object */ = {
			isa = PBXProject;
			attributes = {
				LastUpgradeCheck = 0420;
				ORGANIZATIONNAME = ydtf;
			};
			buildConfigurationList = 26EB90F01537F95B0037EB76 /* Build configuration list for PBXProject "ProgressiveRefreshTableApp" */;
			compatibilityVersion = "Xcode 3.2";
			developmentRegion = English;
			hasScannedForEncodings = 0;
			knownRegions = (
				en,
			);
			mainGroup = 26EB90EB1537F95B0037EB76;
			productRefGroup = 26EB90F71537F95B0037EB76 /* Products */;
			projectDirPath = "";
			projectRoot = "";
			targets = (
				26EB90F51537F95B0037EB76 /* ProgressiveRefreshTableApp */,
			);
		};
/* End PBXProject section */

/* Begin PBXResourcesBuildPhase section */
		26EB90F41537F95B0037EB76 /* Resources */ = {
			isa = PBXResourcesBuildPhase;
			buildActionMask = 2147483647;
			files = (
				26EB91051537F95C0037EB76 /* InfoPlist.strings in Resources */,
				2657BB03154AD9A6004535BE /* RefreshBar.xib in Resources */,
				2657BB0C154AD9FE004535BE /* TableViewController.xib in Resources */,
				2670A56F154BFAAE003D65EE /* grayArrow.png in Resources */,
				2670A570154BFAAE003D65EE /* whiteArrow.png in Resources */,
			);
			runOnlyForDeploymentPostprocessing = 0;
		};
/* End PBXResourcesBuildPhase section */

/* Begin PBXSourcesBuildPhase section */
		26EB90F21537F95B0037EB76 /* Sources */ = {
			isa = PBXSourcesBuildPhase;
			buildActionMask = 2147483647;
			files = (
				26EB91071537F95C0037EB76 /* main.m in Sources */,
				26EB910B1537F95C0037EB76 /* AppDelegate.m in Sources */,
				2657BB02154AD9A6004535BE /* RefreshBar.m in Sources */,
				2657BB0B154AD9FE004535BE /* TableViewController.m in Sources */,
			);
			runOnlyForDeploymentPostprocessing = 0;
		};
/* End PBXSourcesBuildPhase section */

/* Begin PBXVariantGroup section */
		26EB91031537F95C0037EB76 /* InfoPlist.strings */ = {
			isa = PBXVariantGroup;
			children = (
				26EB91041537F95C0037EB76 /* en */,
			);
			name = InfoPlist.strings;
			sourceTree = "<group>";
		};
/* End PBXVariantGroup section */

/* Begin XCBuildConfiguration section */
		26EB910C1537F95C0037EB76 /* Debug */ = {
			isa = XCBuildConfiguration;
			buildSettings = {
				ALWAYS_SEARCH_USER_PATHS = NO;
				ARCHS = "$(ARCHS_STANDARD_32_BIT)";
				"CODE_SIGN_IDENTITY[sdk=iphoneos*]" = "iPhone Developer";
				COPY_PHASE_STRIP = NO;
				GCC_C_LANGUAGE_STANDARD = gnu99;
				GCC_DYNAMIC_NO_PIC = NO;
				GCC_OPTIMIZATION_LEVEL = 0;
				GCC_PREPROCESSOR_DEFINITIONS = (
					"DEBUG=1",
					"$(inherited)",
				);
				GCC_SYMBOLS_PRIVATE_EXTERN = NO;
				GCC_VERSION = com.apple.compilers.llvm.clang.1_0;
				GCC_WARN_ABOUT_MISSING_PROTOTYPES = YES;
				GCC_WARN_ABOUT_RETURN_TYPE = YES;
				GCC_WARN_UNUSED_VARIABLE = YES;
				IPHONEOS_DEPLOYMENT_TARGET = 5.0;
				SDKROOT = iphoneos;
			};
			name = Debug;
		};
		26EB910D1537F95C0037EB76 /* Release */ = {
			isa = XCBuildConfiguration;
			buildSettings = {
				ALWAYS_SEARCH_USER_PATHS = NO;
				ARCHS = "$(ARCHS_STANDARD_32_BIT)";
				"CODE_SIGN_IDENTITY[sdk=iphoneos*]" = "iPhone Developer";
				COPY_PHASE_STRIP = YES;
				GCC_C_LANGUAGE_STANDARD = gnu99;
				GCC_VERSION = com.apple.compilers.llvm.clang.1_0;
				GCC_WARN_ABOUT_MISSING_PROTOTYPES = YES;
				GCC_WARN_ABOUT_RETURN_TYPE = YES;
				GCC_WARN_UNUSED_VARIABLE = YES;
				IPHONEOS_DEPLOYMENT_TARGET = 5.0;
				OTHER_CFLAGS = "-DNS_BLOCK_ASSERTIONS=1";
				SDKROOT = iphoneos;
				VALIDATE_PRODUCT = YES;
			};
			name = Release;
		};
		26EB910F1537F95C0037EB76 /* Debug */ = {
			isa = XCBuildConfiguration;
			buildSettings = {
				GCC_PRECOMPILE_PREFIX_HEADER = YES;
				GCC_PREFIX_HEADER = "ProgressiveRefreshTableApp/ProgressiveRefreshTableApp-Prefix.pch";
				INFOPLIST_FILE = "ProgressiveRefreshTableApp/ProgressiveRefreshTableApp-Info.plist";
				IPHONEOS_DEPLOYMENT_TARGET = 4.2;
				PRODUCT_NAME = "$(TARGET_NAME)";
				WRAPPER_EXTENSION = app;
			};
			name = Debug;
		};
		26EB91101537F95C0037EB76 /* Release */ = {
			isa = XCBuildConfiguration;
			buildSettings = {
				GCC_PRECOMPILE_PREFIX_HEADER = YES;
				GCC_PREFIX_HEADER = "ProgressiveRefreshTableApp/ProgressiveRefreshTableApp-Prefix.pch";
				INFOPLIST_FILE = "ProgressiveRefreshTableApp/ProgressiveRefreshTableApp-Info.plist";
				IPHONEOS_DEPLOYMENT_TARGET = 4.2;
				PRODUCT_NAME = "$(TARGET_NAME)";
				WRAPPER_EXTENSION = app;
			};
			name = Release;
		};
/* End XCBuildConfiguration section */

/* Begin XCConfigurationList section */
		26EB90F01537F95B0037EB76 /* Build configuration list for PBXProject "ProgressiveRefreshTableApp" */ = {
			isa = XCConfigurationList;
			buildConfigurations = (
				26EB910C1537F95C0037EB76 /* Debug */,
				26EB910D1537F95C0037EB76 /* Release */,
			);
			defaultConfigurationIsVisible = 0;
			defaultConfigurationName = Release;
		};
		26EB910E1537F95C0037EB76 /* Build configuration list for PBXNativeTarget "ProgressiveRefreshTableApp" */ = {
			isa = XCConfigurationList;
			buildConfigurations = (
				26EB910F1537F95C0037EB76 /* Debug */,
				26EB91101537F95C0037EB76 /* Release */,
			);
			defaultConfigurationIsVisible = 0;
			defaultConfigurationName = Release;
		};
/* End XCConfigurationList section */
	};
	rootObject = 26EB90ED1537F95B0037EB76 /* Project object */;
}
